<?xml version="1.0" encoding="utf-8"?>
<Project ToolsVersion="4.0" xmlns="http://schemas.microsoft.com/developer/msbuild/2003">
  <ItemGroup>
    <Filter Include="Source Files">
      <UniqueIdentifier>{4FC737F1-C7A5-4376-A066-2A32D752A2FF}</UniqueIdentifier>
      <Extensions>cpp;c;cc;cxx;def;odl;idl;hpj;bat;asm;asmx</Extensions>
    </Filter>
    <Filter Include="Header Files">
      <UniqueIdentifier>{93995380-89BD-4b04-88EB-625FBE52EBFB}</UniqueIdentifier>
      <Extensions>h;hpp;hxx;hm;inl;inc;xsd</Extensions>
    </Filter>
    <Filter Include="Resource Files">
      <UniqueIdentifier>{67DA6AB6-F800-4c08-8B7A-83BB121AAD01}</UniqueIdentifier>
      <Extensions>rc;ico;cur;bmp;dlg;rc2;rct;bin;rgs;gif;jpg;jpeg;jpe;resx;tiff;tif;png;wav</Extensions>
    </Filter>
  </ItemGroup>
  <ItemGroup>
    <ClCompile Include="DlgMain.cpp">
      <Filter>Source Files</Filter>
    </ClCompile>
    <ClCompile Include="QRob_TestVc.cpp">
      <Filter>Source Files</Filter>
    </ClCompile>
    <ClCompile Include="QRob_TestVcCtrl.cpp">
      <Filter>Source Files</Filter>
    </ClCompile>
    <ClCompile Include="QRob_TestVcPropPage.cpp">
      <Filter>Source Files</Filter>
    </ClCompile>
    <ClCompile Include="qroboteventctrl1.cpp">
      <Filter>Source Files</Filter>
    </ClCompile>
    <ClCompile Include="stdafx.cpp">
      <Filter>Source Files</Filter>
    </ClCompile>
    <ClCompile Include="camera1.cpp">
      <Filter>Source Files</Filter>
    </ClCompile>
    <ClCompile Include="CameraDlg.cpp">
      <Filter>Source Files</Filter>
    </ClCompile>
    <ClCompile Include="CvvImage.cpp">
      <Filter>Source Files</Filter>
    </ClCompile>
    <ClCompile Include="LearnDlg.cpp">
      <Filter>Source Files</Filter>
    </ClCompile>
    <ClCompile Include="PicDialog.cpp">
      <Filter>Source Files</Filter>
    </ClCompile>
  </ItemGroup>
  <ItemGroup>
    <None Include="QRob_TestVc.def">
      <Filter>Source Files</Filter>
    </None>
    <None Include="QRob_TestVc.ico">
      <Filter>Resource Files</Filter>
    </None>
    <None Include="QRob_TestVcCtrl.bmp">
      <Filter>Resource Files</Filter>
    </None>
    <None Include="ReadMe.txt" />
    <None Include="screen_2.bmp">
      <Filter>Resource Files</Filter>
    </None>
  </ItemGroup>
  <ItemGroup>
    <Midl Include="QRob_TestVc.idl">
      <Filter>Source Files</Filter>
    </Midl>
  </ItemGroup>
  <ItemGroup>
    <ClInclude Include="CQrobotBasicImage.h">
      <Filter>Header Files</Filter>
    </ClInclude>
    <ClInclude Include="CQrobotController.h">
      <Filter>Header Files</Filter>
    </ClInclude>
    <ClInclude Include="CQrobotScript.h">
      <Filter>Header Files</Filter>
    </ClInclude>
    <ClInclude Include="CQrobotSpeak.h">
      <Filter>Header Files</Filter>
    </ClInclude>
    <ClInclude Include="CQrobotTalk.h">
      <Filter>Header Files</Filter>
    </ClInclude>
    <ClInclude Include="DlgMain.h">
      <Filter>Header Files</Filter>
    </ClInclude>
    <ClInclude Include="QRob_TestVc.h">
      <Filter>Header Files</Filter>
    </ClInclude>
    <ClInclude Include="QRob_TestVcCtrl.h">
      <Filter>Header Files</Filter>
    </ClInclude>
    <ClInclude Include="QRob_TestVcPropPage.h">
      <Filter>Header Files</Filter>
    </ClInclude>
    <ClInclude Include="qroboteventctrl1.h">
      <Filter>Header Files</Filter>
    </ClInclude>
    <ClInclude Include="Resource.h">
      <Filter>Header Files</Filter>
    </ClInclude>
    <ClInclude Include="stdafx.h">
      <Filter>Header Files</Filter>
    </ClInclude>
    <ClInclude Include="targetver.h">
      <Filter>Header Files</Filter>
    </ClInclude>
    <ClInclude Include="camera1.h">
      <Filter>Header Files</Filter>
    </ClInclude>
    <ClInclude Include="CameraDlg.h">
      <Filter>Header Files</Filter>
    </ClInclude>
    <ClInclude Include="CvvImage.h">
      <Filter>Header Files</Filter>
    </ClInclude>
    <ClInclude Include="LearnDlg.h">
      <Filter>Header Files</Filter>
    </ClInclude>
    <ClInclude Include="PicDialog.h">
      <Filter>Header Files</Filter>
    </ClInclude>
  </ItemGroup>
  <ItemGroup>
    <ResourceCompile Include="QRob_TestVc.rc">
      <Filter>Resource Files</Filter>
    </ResourceCompile>
  </ItemGroup>
</Project>